
Microsoft Visual Studio Solution File, Format Version 12.00
# Visual Studio Version 16
VisualStudioVersion = 16.0.30517.126
MinimumVisualStudioVersion = 10.0.40219.1
Project("{FAE04EC0-301F-11D3-BF4B-00C04F79EFBC}") = "GOOGLE_API", "GOOGLE_API.csproj", "{A0DB0520-69A5-40C7-8829-AA2793B2311E}"
EndProject
Global
	GlobalSection(SolutionConfigurationPlatforms) = preSolution
		Debug|Any CPU = Debug|Any CPU
		Release|Any CPU = Release|Any CPU
	EndGlobalSection
	GlobalSection(ProjectConfigurationPlatforms) = postSolution
		{A0DB0520-69A5-40C7-8829-AA2793B2311E}.Debug|Any CPU.ActiveCfg = Debug|Any CPU
		{A0DB0520-69A5-40C7-8829-AA2793B2311E}.Debug|Any CPU.Build.0 = Debug|Any CPU
		{A0DB0520-69A5-40C7-8829-AA2793B2311E}.Release|Any CPU.ActiveCfg = Release|Any CPU
		{A0DB0520-69A5-40C7-8829-AA2793B2311E}.Release|Any CPU.Build.0 = Release|Any CPU
	EndGlobalSection
	GlobalSection(SolutionProperties) = preSolution
		HideSolutionNode = FALSE
	EndGlobalSection
	GlobalSection(ExtensibilityGlobals) = postSolution
		SolutionGuid = {17B353FE-6D82-4648-A13E-BD5D42D0C87B}
	EndGlobalSection
EndGlobal
